Microsoft Visual Studio Solution File, Format Version 12.00
# Visual Studio Version 17
VisualStudioVersion = 17.9.34607.119
MinimumVisualStudioVersion = 10.0.40219.1
Project("{9A19103F-16F7-4668-BE54-9A1E7A4F7556}") = "OtiiTcpClient", "OtiiTcpClient.csproj", "{8BD53E89-A5A1-4146-BC8E-430A29785DDB}"
EndProject
Project("{FAE04EC0-301F-11D3-BF4B-00C04F79EFBC}") = "BasicMeasurement", "..\Examples\BasicMeasurement\BasicMeasurement.csproj", "{2E3B1125-7C00-432E-9850-5E47C96EF4A8}"
EndProject
Global
	GlobalSection(SolutionConfigurationPlatforms) = preSolution
		Debug|Any CPU = Debug|Any CPU
		Release|Any CPU = Release|Any CPU
	EndGlobalSection
	GlobalSection(ProjectConfigurationPlatforms) = postSolution
		{8BD53E89-A5A1-4146-BC8E-430A29785DDB}.Debug|Any CPU.ActiveCfg = Debug|Any CPU
		{8BD53E89-A5A1-4146-BC8E-430A29785DDB}.Debug|Any CPU.Build.0 = Debug|Any CPU
		{8BD53E89-A5A1-4146-BC8E-430A29785DDB}.Release|Any CPU.ActiveCfg = Release|Any CPU
		{8BD53E89-A5A1-4146-BC8E-430A29785DDB}.Release|Any CPU.Build.0 = Release|Any CPU
		{2E3B1125-7C00-432E-9850-5E47C96EF4A8}.Debug|Any CPU.ActiveCfg = Debug|Any CPU
		{2E3B1125-7C00-432E-9850-5E47C96EF4A8}.Debug|Any CPU.Build.0 = Debug|Any CPU
		{2E3B1125-7C00-432E-9850-5E47C96EF4A8}.Release|Any CPU.ActiveCfg = Release|Any CPU
		{2E3B1125-7C00-432E-9850-5E47C96EF4A8}.Release|Any CPU.Build.0 = Release|Any CPU
	EndGlobalSection
	GlobalSection(SolutionProperties) = preSolution
		HideSolutionNode = FALSE
	EndGlobalSection
	GlobalSection(ExtensibilityGlobals) = postSolution
		SolutionGuid = {71C8EA0C-9163-47F4-8ED0-60E1024B9E1A}
	EndGlobalSection
EndGlobal
